
Microsoft Visual Studio Solution File, Format Version 12.00
# Visual Studio Version 17
VisualStudioVersion = 17.2.32505.173
MinimumVisualStudioVersion = 10.0.40219.1
Project("{9A19103F-16F7-4668-BE54-9A1E7A4F7556}") = "Waitlist", "Waitlist\Waitlist.csproj", "{DD395366-4E59-4DE8-B384-6A03D6BF033C}"
EndProject
Global
	GlobalSection(SolutionConfigurationPlatforms) = preSolution
		Debug|Any CPU = Debug|Any CPU
		DevelopmentARS|Any CPU = DevelopmentARS|Any CPU
		DevelopmentLMS|Any CPU = DevelopmentLMS|Any CPU
		ProductionARS|Any CPU = ProductionARS|Any CPU
		ProductionLMS|Any CPU = ProductionLMS|Any CPU
		Release|Any CPU = Release|Any CPU
	EndGlobalSection
	GlobalSection(ProjectConfigurationPlatforms) = postSolution
		{DD395366-4E59-4DE8-B384-6A03D6BF033C}.Debug|Any CPU.ActiveCfg = Debug|Any CPU
		{DD395366-4E59-4DE8-B384-6A03D6BF033C}.Debug|Any CPU.Build.0 = Debug|Any CPU
		{DD395366-4E59-4DE8-B384-6A03D6BF033C}.DevelopmentARS|Any CPU.ActiveCfg = DevelopmentARS|Any CPU
		{DD395366-4E59-4DE8-B384-6A03D6BF033C}.DevelopmentARS|Any CPU.Build.0 = DevelopmentARS|Any CPU
		{DD395366-4E59-4DE8-B384-6A03D6BF033C}.DevelopmentLMS|Any CPU.ActiveCfg = DevelopmentLMS|Any CPU
		{DD395366-4E59-4DE8-B384-6A03D6BF033C}.DevelopmentLMS|Any CPU.Build.0 = DevelopmentLMS|Any CPU
		{DD395366-4E59-4DE8-B384-6A03D6BF033C}.ProductionARS|Any CPU.ActiveCfg = ProductionARS|Any CPU
		{DD395366-4E59-4DE8-B384-6A03D6BF033C}.ProductionARS|Any CPU.Build.0 = ProductionARS|Any CPU
		{DD395366-4E59-4DE8-B384-6A03D6BF033C}.ProductionLMS|Any CPU.ActiveCfg = ProductionLMS|Any CPU
		{DD395366-4E59-4DE8-B384-6A03D6BF033C}.ProductionLMS|Any CPU.Build.0 = ProductionLMS|Any CPU
		{DD395366-4E59-4DE8-B384-6A03D6BF033C}.Release|Any CPU.ActiveCfg = Release|Any CPU
		{DD395366-4E59-4DE8-B384-6A03D6BF033C}.Release|Any CPU.Build.0 = Release|Any CPU
	EndGlobalSection
	GlobalSection(SolutionProperties) = preSolution
		HideSolutionNode = FALSE
	EndGlobalSection
	GlobalSection(ExtensibilityGlobals) = postSolution
		SolutionGuid = {8D6CAC7B-0FB3-47C7-81F6-31402B26CE1F}
	EndGlobalSection
EndGlobal
